
Microsoft Visual Studio Solution File, Format Version 12.00
# Visual Studio 15
VisualStudioVersion = 15.0.28307.1145
MinimumVisualStudioVersion = 10.0.40219.1
Project("{FAE04EC0-301F-11D3-BF4B-00C04F79EFBC}") = "WebTest", "WebTest\WebTest.csproj", "{B20E29B5-ECC9-4C8E-BB35-9D7ECA3C9868}"
EndProject
Project("{E53339B2-1760-4266-BCC7-CA923CBCF16C}") = "docker-compose", "docker-compose.dcproj", "{532B5512-6F3C-4C06-B0A1-7232F7A460E5}"
EndProject
Global
	GlobalSection(SolutionConfigurationPlatforms) = preSolution
		Debug|Any CPU = Debug|Any CPU
		Release|Any CPU = Release|Any CPU
	EndGlobalSection
	GlobalSection(ProjectConfigurationPlatforms) = postSolution
		{B20E29B5-ECC9-4C8E-BB35-9D7ECA3C9868}.Debug|Any CPU.ActiveCfg = Debug|Any CPU
		{B20E29B5-ECC9-4C8E-BB35-9D7ECA3C9868}.Debug|Any CPU.Build.0 = Debug|Any CPU
		{B20E29B5-ECC9-4C8E-BB35-9D7ECA3C9868}.Release|Any CPU.ActiveCfg = Release|Any CPU
		{B20E29B5-ECC9-4C8E-BB35-9D7ECA3C9868}.Release|Any CPU.Build.0 = Release|Any CPU
		{532B5512-6F3C-4C06-B0A1-7232F7A460E5}.Debug|Any CPU.ActiveCfg = Debug|Any CPU
		{532B5512-6F3C-4C06-B0A1-7232F7A460E5}.Debug|Any CPU.Build.0 = Debug|Any CPU
		{532B5512-6F3C-4C06-B0A1-7232F7A460E5}.Release|Any CPU.ActiveCfg = Release|Any CPU
		{532B5512-6F3C-4C06-B0A1-7232F7A460E5}.Release|Any CPU.Build.0 = Release|Any CPU
	EndGlobalSection
	GlobalSection(SolutionProperties) = preSolution
		HideSolutionNode = FALSE
	EndGlobalSection
	GlobalSection(ExtensibilityGlobals) = postSolution
		SolutionGuid = {94DCE545-0114-4A39-BB6E-4005186CDAE8}
	EndGlobalSection
EndGlobal
